
Microsoft Visual Studio Solution File, Format Version 12.00
# Visual Studio Version 17
VisualStudioVersion = 17.5.33424.131
MinimumVisualStudioVersion = 10.0.40219.1
Project("{FAE04EC0-301F-11D3-BF4B-00C04F79EFBC}") = "EjerciciosSesion1", "EjerciciosSesion1\EjerciciosSesion1.csproj", "{C55C66D4-D480-43B3-9080-010DFBF0699E}"
EndProject
Global
	GlobalSection(SolutionConfigurationPlatforms) = preSolution
		Debug|Any CPU = Debug|Any CPU
		Release|Any CPU = Release|Any CPU
	EndGlobalSection
	GlobalSection(ProjectConfigurationPlatforms) = postSolution
		{C55C66D4-D480-43B3-9080-010DFBF0699E}.Debug|Any CPU.ActiveCfg = Debug|Any CPU
		{C55C66D4-D480-43B3-9080-010DFBF0699E}.Debug|Any CPU.Build.0 = Debug|Any CPU
		{C55C66D4-D480-43B3-9080-010DFBF0699E}.Release|Any CPU.ActiveCfg = Release|Any CPU
		{C55C66D4-D480-43B3-9080-010DFBF0699E}.Release|Any CPU.Build.0 = Release|Any CPU
	EndGlobalSection
	GlobalSection(SolutionProperties) = preSolution
		HideSolutionNode = FALSE
	EndGlobalSection
	GlobalSection(ExtensibilityGlobals) = postSolution
		SolutionGuid = {50ABC9D9-48DA-4F03-A1B8-01DC9657032F}
	EndGlobalSection
EndGlobal
